Microsoft Visual Studio Solution File, Format Version 10.00
# Visual C++ Express 2008
Project("{8BC9CEB8-8B4A-11D0-8D11-00A0C91BC942}") = "fluidsynth", "fluidsynth\fluidsynth.vcproj", "{8150EAA4-CF92-448B-972A-01A423B3A23D}"
	ProjectSection(ProjectDependencies) = postProject
		{A52C4164-8C82-4E38-A70B-6D0E836D6644} = {A52C4164-8C82-4E38-A70B-6D0E836D6644}
	EndProjectSection
EndProject
Project("{8BC9CEB8-8B4A-11D0-8D11-00A0C91BC942}") = "fluidsynth_dll", "fluidsynth_dll\fluidsynth_dll.vcproj", "{A52C4164-8C82-4E38-A70B-6D0E836D6644}"
EndProject
Project("{8BC9CEB8-8B4A-11D0-8D11-00A0C91BC942}") = "fluidsynth_lib", "fluidsynth_lib\fluidsynth_lib.vcproj", "{CD7D1A45-9970-4958-BD8F-7F42B083093C}"
EndProject
Global
	GlobalSection(SolutionConfigurationPlatforms) = preSolution
		Debug|Win32 = Debug|Win32
		Release|Win32 = Release|Win32
	EndGlobalSection
	GlobalSection(ProjectConfigurationPlatforms) = postSolution
		{8150EAA4-CF92-448B-972A-01A423B3A23D}.Debug|Win32.ActiveCfg = Debug|Win32
		{8150EAA4-CF92-448B-972A-01A423B3A23D}.Debug|Win32.Build.0 = Debug|Win32
		{8150EAA4-CF92-448B-972A-01A423B3A23D}.Release|Win32.ActiveCfg = Release|Win32
		{8150EAA4-CF92-448B-972A-01A423B3A23D}.Release|Win32.Build.0 = Release|Win32
		{A52C4164-8C82-4E38-A70B-6D0E836D6644}.Debug|Win32.ActiveCfg = Debug|Win32
		{A52C4164-8C82-4E38-A70B-6D0E836D6644}.Debug|Win32.Build.0 = Debug|Win32
		{A52C4164-8C82-4E38-A70B-6D0E836D6644}.Release|Win32.ActiveCfg = Release|Win32
		{A52C4164-8C82-4E38-A70B-6D0E836D6644}.Release|Win32.Build.0 = Release|Win32
		{CD7D1A45-9970-4958-BD8F-7F42B083093C}.Debug|Win32.ActiveCfg = Debug|Win32
		{CD7D1A45-9970-4958-BD8F-7F42B083093C}.Debug|Win32.Build.0 = Debug|Win32
		{CD7D1A45-9970-4958-BD8F-7F42B083093C}.Release|Win32.ActiveCfg = Release|Win32
		{CD7D1A45-9970-4958-BD8F-7F42B083093C}.Release|Win32.Build.0 = Release|Win32
	EndGlobalSection
	GlobalSection(SolutionProperties) = preSolution
		HideSolutionNode = FALSE
	EndGlobalSection
EndGlobal
